
Microsoft Visual Studio Solution File, Format Version 12.00
# Visual Studio Version 16
VisualStudioVersion = 16.0.30717.126
MinimumVisualStudioVersion = 10.0.40219.1
Project("{FAE04EC0-301F-11D3-BF4B-00C04F79EFBC}") = "BlogLab.web", "BlogLab.web\BlogLab.web.csproj", "{179E04A1-6300-4608-822D-D7FB4AA67D27}"
EndProject
Global
	GlobalSection(SolutionConfigurationPlatforms) = preSolution
		Debug|Any CPU = Debug|Any CPU
		Release|Any CPU = Release|Any CPU
	EndGlobalSection
	GlobalSection(ProjectConfigurationPlatforms) = postSolution
		{179E04A1-6300-4608-822D-D7FB4AA67D27}.Debug|Any CPU.ActiveCfg = Debug|Any CPU
		{179E04A1-6300-4608-822D-D7FB4AA67D27}.Debug|Any CPU.Build.0 = Debug|Any CPU
		{179E04A1-6300-4608-822D-D7FB4AA67D27}.Release|Any CPU.ActiveCfg = Release|Any CPU
		{179E04A1-6300-4608-822D-D7FB4AA67D27}.Release|Any CPU.Build.0 = Release|Any CPU
	EndGlobalSection
	GlobalSection(SolutionProperties) = preSolution
		HideSolutionNode = FALSE
	EndGlobalSection
	GlobalSection(ExtensibilityGlobals) = postSolution
		SolutionGuid = {BF407C5A-220B-4A2C-99DD-F26C3ECB46E8}
	EndGlobalSection
EndGlobal
